// !$*UTF8*$!
{
	archiveVersion = 1;
	classes = {
	};
	objectVersion = 55;
	objects = {

/* Begin PBXBuildFile section */
		7338D34228CA5F430023A13D /* SiginUpCollectionViewCell.swift in Sources */ = {isa = PBXBuildFile; fileRef = 7338D34128CA5F430023A13D /* SiginUpCollectionViewCell.swift */; };
		7358230728CA4FB80074B388 /* SigInUPViewController.swift in Sources */ = {isa = PBXBuildFile; fileRef = 7358230628CA4FB80074B388 /* SigInUPViewController.swift */; };
		736964B728C779EE0041CE6D /* AppDelegate.swift in Sources */ = {isa = PBXBuildFile; fileRef = 736964B628C779EE0041CE6D /* AppDelegate.swift */; };
		736964B928C779EE0041CE6D /* SceneDelegate.swift in Sources */ = {isa = PBXBuildFile; fileRef = 736964B828C779EE0041CE6D /* SceneDelegate.swift */; };
		736964BB28C779EE0041CE6D /* FoodEmojisViewController.swift in Sources */ = {isa = PBXBuildFile; fileRef = 736964BA28C779EE0041CE6D /* FoodEmojisViewController.swift */; };
		736964BE28C779EE0041CE6D /* Main.storyboard in Resources */ = {isa = PBXBuildFile; fileRef = 736964BC28C779EE0041CE6D /* Main.storyboard */; };
		736964C028C779EF0041CE6D /* Assets.xcassets in Resources */ = {isa = PBXBuildFile; fileRef = 736964BF28C779EF0041CE6D /* Assets.xcassets */; };
		736964C328C779EF0041CE6D /* LaunchScreen.storyboard in Resources */ = {isa = PBXBuildFile; fileRef = 736964C128C779EF0041CE6D /* LaunchScreen.storyboard */; };
		738AE2DA28C781350002BFEC /* Constants.swift in Sources */ = {isa = PBXBuildFile; fileRef = 738AE2D928C781350002BFEC /* Constants.swift */; };
		73D5063328CA0361001433D8 /* String+.swift in Sources */ = {isa = PBXBuildFile; fileRef = 73D5063228CA0361001433D8 /* String+.swift */; };
/* End PBXBuildFile section */

/* Begin PBXFileReference section */
		7338D34128CA5F430023A13D /* SiginUpCollectionViewCell.swift */ = {isa = PBXFileReference; lastKnownFileType = sourcecode.swift; path = SiginUpCollectionViewCell.swift; sourceTree = "<group>"; };
		7358230628CA4FB80074B388 /* SigInUPViewController.swift */ = {isa = PBXFileReference; lastKnownFileType = sourcecode.swift; path = SigInUPViewController.swift; sourceTree = "<group>"; };
		736964B328C779EE0041CE6D /* Happy Meals.app */ = {isa = PBXFileReference; explicitFileType = wrapper.application; includeInIndex = 0; path = "Happy Meals.app"; sourceTree = BUILT_PRODUCTS_DIR; };
		736964B628C779EE0041CE6D /* AppDelegate.swift */ = {isa = PBXFileReference; lastKnownFileType = sourcecode.swift; path = AppDelegate.swift; sourceTree = "<group>"; };
		736964B828C779EE0041CE6D /* SceneDelegate.swift */ = {isa = PBXFileReference; lastKnownFileType = sourcecode.swift; path = SceneDelegate.swift; sourceTree = "<group>"; };
		736964BA28C779EE0041CE6D /* FoodEmojisViewController.swift */ = {isa = PBXFileReference; lastKnownFileType = sourcecode.swift; path = FoodEmojisViewController.swift; sourceTree = "<group>"; };
		736964BD28C779EE0041CE6D /* Base */ = {isa = PBXFileReference; lastKnownFileType = file.storyboard; name = Base; path = Base.lproj/Main.storyboard; sourceTree = "<group>"; };
		736964BF28C779EF0041CE6D /* Assets.xcassets */ = {isa = PBXFileReference; lastKnownFileType = folder.assetcatalog; path = Assets.xcassets; sourceTree = "<group>"; };
		736964C228C779EF0041CE6D /* Base */ = {isa = PBXFileReference; lastKnownFileType = file.storyboard; name = Base; path = Base.lproj/LaunchScreen.storyboard; sourceTree = "<group>"; };
		736964C428C779EF0041CE6D /* Info.plist */ = {isa = PBXFileReference; lastKnownFileType = text.plist.xml; path = Info.plist; sourceTree = "<group>"; };
		738AE2D928C781350002BFEC /* Constants.swift */ = {isa = PBXFileReference; lastKnownFileType = sourcecode.swift; path = Constants.swift; sourceTree = "<group>"; };
		73D5063228CA0361001433D8 /* String+.swift */ = {isa = PBXFileReference; lastKnownFileType = sourcecode.swift; path = "String+.swift"; sourceTree = "<group>"; };
/* End PBXFileReference section */

/* Begin PBXFrameworksBuildPhase section */
		736964B028C779EE0041CE6D /* Frameworks */ = {
			isa = PBXFrameworksBuildPhase;
			buildActionMask = 2147483647;
			files = (
			);
			runOnlyForDeploymentPostprocessing = 0;
		};
/* End PBXFrameworksBuildPhase section */

/* Begin PBXGroup section */
		7338D33F28CA5F130023A13D /* View */ = {
			isa = PBXGroup;
			children = (
				7338D34028CA5F220023A13D /* GetStarted */,
			);
			path = View;
			sourceTree = "<group>";
		};
		7338D34028CA5F220023A13D /* GetStarted */ = {
			isa = PBXGroup;
			children = (
				7338D34128CA5F430023A13D /* SiginUpCollectionViewCell.swift */,
			);
			path = GetStarted;
			sourceTree = "<group>";
		};
		736964AA28C779EE0041CE6D = {
			isa = PBXGroup;
			children = (
				736964B528C779EE0041CE6D /* Happy Meals */,
				736964B428C779EE0041CE6D /* Products */,
			);
			sourceTree = "<group>";
		};
		736964B428C779EE0041CE6D /* Products */ = {
			isa = PBXGroup;
			children = (
				736964B328C779EE0041CE6D /* Happy Meals.app */,
			);
			name = Products;
			sourceTree = "<group>";
		};
		736964B528C779EE0041CE6D /* Happy Meals */ = {
			isa = PBXGroup;
			children = (
				73D5063128CA02B3001433D8 /* Managers */,
				7338D33F28CA5F130023A13D /* View */,
				736964CB28C77D780041CE6D /* Controller */,
				736964CA28C77B4A0041CE6D /* Resources */,
				736964BC28C779EE0041CE6D /* Main.storyboard */,
				736964BF28C779EF0041CE6D /* Assets.xcassets */,
				736964C128C779EF0041CE6D /* LaunchScreen.storyboard */,
				736964C428C779EF0041CE6D /* Info.plist */,
			);
			path = "Happy Meals";
			sourceTree = "<group>";
		};
		736964CA28C77B4A0041CE6D /* Resources */ = {
			isa = PBXGroup;
			children = (
				736964B628C779EE0041CE6D /* AppDelegate.swift */,
				736964B828C779EE0041CE6D /* SceneDelegate.swift */,
				738AE2D928C781350002BFEC /* Constants.swift */,
			);
			path = Resources;
			sourceTree = "<group>";
		};
		736964CB28C77D780041CE6D /* Controller */ = {
			isa = PBXGroup;
			children = (
				736964CC28C77DF60041CE6D /* GetStarted */,
			);
			path = Controller;
			sourceTree = "<group>";
		};
		736964CC28C77DF60041CE6D /* GetStarted */ = {
			isa = PBXGroup;
			children = (
				736964BA28C779EE0041CE6D /* FoodEmojisViewController.swift */,
				7358230628CA4FB80074B388 /* SigInUPViewController.swift */,
			);
			path = GetStarted;
			sourceTree = "<group>";
		};
		73D5063128CA02B3001433D8 /* Managers */ = {
			isa = PBXGroup;
			children = (
				73D5063228CA0361001433D8 /* String+.swift */,
			);
			path = Managers;
			sourceTree = "<group>";
		};
/* End PBXGroup section */

/* Begin PBXNativeTarget section */
		736964B228C779EE0041CE6D /* Happy Meals */ = {
			isa = PBXNativeTarget;
			buildConfigurationList = 736964C728C779EF0041CE6D /* Build configuration list for PBXNativeTarget "Happy Meals" */;
			buildPhases = (
				736964AF28C779EE0041CE6D /* Sources */,
				736964B028C779EE0041CE6D /* Frameworks */,
				736964B128C779EE0041CE6D /* Resources */,
			);
			buildRules = (
			);
			dependencies = (
			);
			name = "Happy Meals";
			productName = "Happy Meals";
			productReference = 736964B328C779EE0041CE6D /* Happy Meals.app */;
			productType = "com.apple.product-type.application";
		};
/* End PBXNativeTarget section */

/* Begin PBXProject section */
		736964AB28C779EE0041CE6D /* Project object */ = {
			isa = PBXProject;
			attributes = {
				BuildIndependentTargetsInParallel = 1;
				LastSwiftUpdateCheck = 1340;
				LastUpgradeCheck = 1340;
				TargetAttributes = {
					736964B228C779EE0041CE6D = {
						CreatedOnToolsVersion = 13.4.1;
					};
				};
			};
			buildConfigurationList = 736964AE28C779EE0041CE6D /* Build configuration list for PBXProject "Happy Meals" */;
			compatibilityVersion = "Xcode 13.0";
			developmentRegion = en;
			hasScannedForEncodings = 0;
			knownRegions = (
				en,
				Base,
			);
			mainGroup = 736964AA28C779EE0041CE6D;
			productRefGroup = 736964B428C779EE0041CE6D /* Products */;
			projectDirPath = "";
			projectRoot = "";
			targets = (
				736964B228C779EE0041CE6D /* Happy Meals */,
			);
		};
/* End PBXProject section */

/* Begin PBXResourcesBuildPhase section */
		736964B128C779EE0041CE6D /* Resources */ = {
			isa = PBXResourcesBuildPhase;
			buildActionMask = 2147483647;
			files = (
				736964C328C779EF0041CE6D /* LaunchScreen.storyboard in Resources */,
				736964C028C779EF0041CE6D /* Assets.xcassets in Resources */,
				736964BE28C779EE0041CE6D /* Main.storyboard in Resources */,
			);
			runOnlyForDeploymentPostprocessing = 0;
		};
/* End PBXResourcesBuildPhase section */

/* Begin PBXSourcesBuildPhase section */
		736964AF28C779EE0041CE6D /* Sources */ = {
			isa = PBXSourcesBuildPhase;
			buildActionMask = 2147483647;
			files = (
				7358230728CA4FB80074B388 /* SigInUPViewController.swift in Sources */,
				736964BB28C779EE0041CE6D /* FoodEmojisViewController.swift in Sources */,
				736964B728C779EE0041CE6D /* AppDelegate.swift in Sources */,
				73D5063328CA0361001433D8 /* String+.swift in Sources */,
				736964B928C779EE0041CE6D /* SceneDelegate.swift in Sources */,
				7338D34228CA5F430023A13D /* SiginUpCollectionViewCell.swift in Sources */,
				738AE2DA28C781350002BFEC /* Constants.swift in Sources */,
			);
			runOnlyForDeploymentPostprocessing = 0;
		};
/* End PBXSourcesBuildPhase section */

/* Begin PBXVariantGroup section */
		736964BC28C779EE0041CE6D /* Main.storyboard */ = {
			isa = PBXVariantGroup;
			children = (
				736964BD28C779EE0041CE6D /* Base */,
			);
			name = Main.storyboard;
			sourceTree = "<group>";
		};
		736964C128C779EF0041CE6D /* LaunchScreen.storyboard */ = {
			isa = PBXVariantGroup;
			children = (
				736964C228C779EF0041CE6D /* Base */,
			);
			name = LaunchScreen.storyboard;
			sourceTree = "<group>";
		};
/* End PBXVariantGroup section */

/* Begin XCBuildConfiguration section */
		736964C528C779EF0041CE6D /* Debug */ = {
			isa = XCBuildConfiguration;
			buildSettings = {
				ALWAYS_SEARCH_USER_PATHS = NO;
				CLANG_ANALYZER_NONNULL = YES;
				CLANG_ANALYZER_NUMBER_OBJECT_CONVERSION = YES_AGGRESSIVE;
				CLANG_CXX_LANGUAGE_STANDARD = "gnu++17";
				CLANG_ENABLE_MODULES = YES;
				CLANG_ENABLE_OBJC_ARC = YES;
				CLANG_ENABLE_OBJC_WEAK = YES;
				CLANG_WARN_BLOCK_CAPTURE_AUTORELEASING = YES;
				CLANG_WARN_BOOL_CONVERSION = YES;
				CLANG_WARN_COMMA = YES;
				CLANG_WARN_CONSTANT_CONVERSION = YES;
				CLANG_WARN_DEPRECATED_OBJC_IMPLEMENTATIONS = YES;
				CLANG_WARN_DIRECT_OBJC_ISA_USAGE = YES_ERROR;
				CLANG_WARN_DOCUMENTATION_COMMENTS = YES;
				CLANG_WARN_EMPTY_BODY = YES;
				CLANG_WARN_ENUM_CONVERSION = YES;
				CLANG_WARN_INFINITE_RECURSION = YES;
				CLANG_WARN_INT_CONVERSION = YES;
				CLANG_WARN_NON_LITERAL_NULL_CONVERSION = YES;
				CLANG_WARN_OBJC_IMPLICIT_RETAIN_SELF = YES;
				CLANG_WARN_OBJC_LITERAL_CONVERSION = YES;
				CLANG_WARN_OBJC_ROOT_CLASS = YES_ERROR;
				CLANG_WARN_QUOTED_INCLUDE_IN_FRAMEWORK_HEADER = YES;
				CLANG_WARN_RANGE_LOOP_ANALYSIS = YES;
				CLANG_WARN_STRICT_PROTOTYPES = YES;
				CLANG_WARN_SUSPICIOUS_MOVE = YES;
				CLANG_WARN_UNGUARDED_AVAILABILITY = YES_AGGRESSIVE;
				CLANG_WARN_UNREACHABLE_CODE = YES;
				CLANG_WARN__DUPLICATE_METHOD_MATCH = YES;
				COPY_PHASE_STRIP = NO;
				DEBUG_INFORMATION_FORMAT = dwarf;
				ENABLE_STRICT_OBJC_MSGSEND = YES;
				ENABLE_TESTABILITY = YES;
				GCC_C_LANGUAGE_STANDARD = gnu11;
				GCC_DYNAMIC_NO_PIC = NO;
				GCC_NO_COMMON_BLOCKS = YES;
				GCC_OPTIMIZATION_LEVEL = 0;
				GCC_PREPROCESSOR_DEFINITIONS = (
					"DEBUG=1",
					"$(inherited)",
				);
				GCC_WARN_64_TO_32_BIT_CONVERSION = YES;
				GCC_WARN_ABOUT_RETURN_TYPE = YES_ERROR;
				GCC_WARN_UNDECLARED_SELECTOR = YES;
				GCC_WARN_UNINITIALIZED_AUTOS = YES_AGGRESSIVE;
				GCC_WARN_UNUSED_FUNCTION = YES;
				GCC_WARN_UNUSED_VARIABLE = YES;
				IPHONEOS_DEPLOYMENT_TARGET = 15.5;
				MTL_ENABLE_DEBUG_INFO = INCLUDE_SOURCE;
				MTL_FAST_MATH = YES;
				ONLY_ACTIVE_ARCH = YES;
				SDKROOT = iphoneos;
				SWIFT_ACTIVE_COMPILATION_CONDITIONS = DEBUG;
				SWIFT_OPTIMIZATION_LEVEL = "-Onone";
			};
			name = Debug;
		};
		736964C628C779EF0041CE6D /* Release */ = {
			isa = XCBuildConfiguration;
			buildSettings = {
				ALWAYS_SEARCH_USER_PATHS = NO;
				CLANG_ANALYZER_NONNULL = YES;
				CLANG_ANALYZER_NUMBER_OBJECT_CONVERSION = YES_AGGRESSIVE;
				CLANG_CXX_LANGUAGE_STANDARD = "gnu++17";
				CLANG_ENABLE_MODULES = YES;
				CLANG_ENABLE_OBJC_ARC = YES;
				CLANG_ENABLE_OBJC_WEAK = YES;
				CLANG_WARN_BLOCK_CAPTURE_AUTORELEASING = YES;
				CLANG_WARN_BOOL_CONVERSION = YES;
				CLANG_WARN_COMMA = YES;
				CLANG_WARN_CONSTANT_CONVERSION = YES;
				CLANG_WARN_DEPRECATED_OBJC_IMPLEMENTATIONS = YES;
				CLANG_WARN_DIRECT_OBJC_ISA_USAGE = YES_ERROR;
				CLANG_WARN_DOCUMENTATION_COMMENTS = YES;
				CLANG_WARN_EMPTY_BODY = YES;
				CLANG_WARN_ENUM_CONVERSION = YES;
				CLANG_WARN_INFINITE_RECURSION = YES;
				CLANG_WARN_INT_CONVERSION = YES;
				CLANG_WARN_NON_LITERAL_NULL_CONVERSION = YES;
				CLANG_WARN_OBJC_IMPLICIT_RETAIN_SELF = YES;
				CLANG_WARN_OBJC_LITERAL_CONVERSION = YES;
				CLANG_WARN_OBJC_ROOT_CLASS = YES_ERROR;
				CLANG_WARN_QUOTED_INCLUDE_IN_FRAMEWORK_HEADER = YES;
				CLANG_WARN_RANGE_LOOP_ANALYSIS = YES;
				CLANG_WARN_STRICT_PROTOTYPES = YES;
				CLANG_WARN_SUSPICIOUS_MOVE = YES;
				CLANG_WARN_UNGUARDED_AVAILABILITY = YES_AGGRESSIVE;
				CLANG_WARN_UNREACHABLE_CODE = YES;
				CLANG_WARN__DUPLICATE_METHOD_MATCH = YES;
				COPY_PHASE_STRIP = NO;
				DEBUG_INFORMATION_FORMAT = "dwarf-with-dsym";
				ENABLE_NS_ASSERTIONS = NO;
				ENABLE_STRICT_OBJC_MSGSEND = YES;
				GCC_C_LANGUAGE_STANDARD = gnu11;
				GCC_NO_COMMON_BLOCKS = YES;
				GCC_WARN_64_TO_32_BIT_CONVERSION = YES;
				GCC_WARN_ABOUT_RETURN_TYPE = YES_ERROR;
				GCC_WARN_UNDECLARED_SELECTOR = YES;
				GCC_WARN_UNINITIALIZED_AUTOS = YES_AGGRESSIVE;
				GCC_WARN_UNUSED_FUNCTION = YES;
				GCC_WARN_UNUSED_VARIABLE = YES;
				IPHONEOS_DEPLOYMENT_TARGET = 15.5;
				MTL_ENABLE_DEBUG_INFO = NO;
				MTL_FAST_MATH = YES;
				SDKROOT = iphoneos;
				SWIFT_COMPILATION_MODE = wholemodule;
				SWIFT_OPTIMIZATION_LEVEL = "-O";
				VALIDATE_PRODUCT = YES;
			};
			name = Release;
		};
		736964C828C779EF0041CE6D /* Debug */ = {
			isa = XCBuildConfiguration;
			buildSettings = {
				ASSETCATALOG_COMPILER_APPICON_NAME = AppIcon;
				ASSETCATALOG_COMPILER_GLOBAL_ACCENT_COLOR_NAME = AccentColor;
				CODE_SIGN_STYLE = Automatic;
				CURRENT_PROJECT_VERSION = 1;
				DEVELOPMENT_TEAM = 4U8DMJ33ZN;
				GENERATE_INFOPLIST_FILE = YES;
				INFOPLIST_FILE = "Happy Meals/Info.plist";
				INFOPLIST_KEY_UIApplicationSupportsIndirectInputEvents = YES;
				INFOPLIST_KEY_UILaunchStoryboardName = LaunchScreen;
				INFOPLIST_KEY_UIMainStoryboardFile = Main;
				INFOPLIST_KEY_UISupportedInterfaceOrientations_iPad = "UIInterfaceOrientationPortrait UIInterfaceOrientationPortraitUpsideDown UIInterfaceOrientationLandscapeLeft UIInterfaceOrientationLandscapeRight";
				INFOPLIST_KEY_UISupportedInterfaceOrientations_iPhone = "UIInterfaceOrientationPortrait UIInterfaceOrientationLandscapeLeft UIInterfaceOrientationLandscapeRight";
				LD_RUNPATH_SEARCH_PATHS = (
					"$(inherited)",
					"@executable_path/Frameworks",
				);
				MARKETING_VERSION = 1.0;
				PRODUCT_BUNDLE_IDENTIFIER = "com.yamany.Happy-Meals";
				PRODUCT_NAME = "$(TARGET_NAME)";
				SWIFT_EMIT_LOC_STRINGS = YES;
				SWIFT_VERSION = 5.0;
				TARGETED_DEVICE_FAMILY = "1,2";
			};
			name = Debug;
		};
		736964C928C779EF0041CE6D /* Release */ = {
			isa = XCBuildConfiguration;
			buildSettings = {
				ASSETCATALOG_COMPILER_APPICON_NAME = AppIcon;
				ASSETCATALOG_COMPILER_GLOBAL_ACCENT_COLOR_NAME = AccentColor;
				CODE_SIGN_STYLE = Automatic;
				CURRENT_PROJECT_VERSION = 1;
				DEVELOPMENT_TEAM = 4U8DMJ33ZN;
				GENERATE_INFOPLIST_FILE = YES;
				INFOPLIST_FILE = "Happy Meals/Info.plist";
				INFOPLIST_KEY_UIApplicationSupportsIndirectInputEvents = YES;
				INFOPLIST_KEY_UILaunchStoryboardName = LaunchScreen;
				INFOPLIST_KEY_UIMainStoryboardFile = Main;
				INFOPLIST_KEY_UISupportedInterfaceOrientations_iPad = "UIInterfaceOrientationPortrait UIInterfaceOrientationPortraitUpsideDown UIInterfaceOrientationLandscapeLeft UIInterfaceOrientationLandscapeRight";
				INFOPLIST_KEY_UISupportedInterfaceOrientations_iPhone = "UIInterfaceOrientationPortrait UIInterfaceOrientationLandscapeLeft UIInterfaceOrientationLandscapeRight";
				LD_RUNPATH_SEARCH_PATHS = (
					"$(inherited)",
					"@executable_path/Frameworks",
				);
				MARKETING_VERSION = 1.0;
				PRODUCT_BUNDLE_IDENTIFIER = "com.yamany.Happy-Meals";
				PRODUCT_NAME = "$(TARGET_NAME)";
				SWIFT_EMIT_LOC_STRINGS = YES;
				SWIFT_VERSION = 5.0;
				TARGETED_DEVICE_FAMILY = "1,2";
			};
			name = Release;
		};
/* End XCBuildConfiguration section */

/* Begin XCConfigurationList section */
		736964AE28C779EE0041CE6D /* Build configuration list for PBXProject "Happy Meals" */ = {
			isa = XCConfigurationList;
			buildConfigurations = (
				736964C528C779EF0041CE6D /* Debug */,
				736964C628C779EF0041CE6D /* Release */,
			);
			defaultConfigurationIsVisible = 0;
			defaultConfigurationName = Release;
		};
		736964C728C779EF0041CE6D /* Build configuration list for PBXNativeTarget "Happy Meals" */ = {
			isa = XCConfigurationList;
			buildConfigurations = (
				736964C828C779EF0041CE6D /* Debug */,
				736964C928C779EF0041CE6D /* Release */,
			);
			defaultConfigurationIsVisible = 0;
			defaultConfigurationName = Release;
		};
/* End XCConfigurationList section */
	};
	rootObject = 736964AB28C779EE0041CE6D /* Project object */;
}
